
Microsoft Visual Studio Solution File, Format Version 12.00
# Visual Studio Version 17
VisualStudioVersion = 17.5.33530.505
MinimumVisualStudioVersion = 10.0.40219.1
Project("{9A19103F-16F7-4668-BE54-9A1E7A4F7556}") = "PeopleManager.Ui.Mvc", "PeopleManager.Ui.Mvc\PeopleManager.Ui.Mvc.csproj", "{233637C2-C74E-4B54-A42D-76B3CCB9C32B}"
EndProject
Project("{FAE04EC0-301F-11D3-BF4B-00C04F79EFBC}") = "PeopleManager.Services", "PeopleManager.Services\PeopleManager.Services.csproj", "{BCCF73E6-3A0C-4F4F-874A-94E33D8B7F95}"
EndProject
Project("{FAE04EC0-301F-11D3-BF4B-00C04F79EFBC}") = "PeopleManager.Model", "PeopleManager.Model\PeopleManager.Model.csproj", "{91990C10-964D-4503-A0BE-55FCA43D1ABD}"
EndProject
Project("{FAE04EC0-301F-11D3-BF4B-00C04F79EFBC}") = "PeopleManager.Core", "PeopleManager.Core\PeopleManager.Core.csproj", "{962BDD3D-238F-49BD-98F8-C734487DEBB7}"
EndProject
Global
	GlobalSection(SolutionConfigurationPlatforms) = preSolution
		Debug|Any CPU = Debug|Any CPU
		Release|Any CPU = Release|Any CPU
	EndGlobalSection
	GlobalSection(ProjectConfigurationPlatforms) = postSolution
		{233637C2-C74E-4B54-A42D-76B3CCB9C32B}.Debug|Any CPU.ActiveCfg = Debug|Any CPU
		{233637C2-C74E-4B54-A42D-76B3CCB9C32B}.Debug|Any CPU.Build.0 = Debug|Any CPU
		{233637C2-C74E-4B54-A42D-76B3CCB9C32B}.Release|Any CPU.ActiveCfg = Release|Any CPU
		{233637C2-C74E-4B54-A42D-76B3CCB9C32B}.Release|Any CPU.Build.0 = Release|Any CPU
		{BCCF73E6-3A0C-4F4F-874A-94E33D8B7F95}.Debug|Any CPU.ActiveCfg = Debug|Any CPU
		{BCCF73E6-3A0C-4F4F-874A-94E33D8B7F95}.Debug|Any CPU.Build.0 = Debug|Any CPU
		{BCCF73E6-3A0C-4F4F-874A-94E33D8B7F95}.Release|Any CPU.ActiveCfg = Release|Any CPU
		{BCCF73E6-3A0C-4F4F-874A-94E33D8B7F95}.Release|Any CPU.Build.0 = Release|Any CPU
		{91990C10-964D-4503-A0BE-55FCA43D1ABD}.Debug|Any CPU.ActiveCfg = Debug|Any CPU
		{91990C10-964D-4503-A0BE-55FCA43D1ABD}.Debug|Any CPU.Build.0 = Debug|Any CPU
		{91990C10-964D-4503-A0BE-55FCA43D1ABD}.Release|Any CPU.ActiveCfg = Release|Any CPU
		{91990C10-964D-4503-A0BE-55FCA43D1ABD}.Release|Any CPU.Build.0 = Release|Any CPU
		{962BDD3D-238F-49BD-98F8-C734487DEBB7}.Debug|Any CPU.ActiveCfg = Debug|Any CPU
		{962BDD3D-238F-49BD-98F8-C734487DEBB7}.Debug|Any CPU.Build.0 = Debug|Any CPU
		{962BDD3D-238F-49BD-98F8-C734487DEBB7}.Release|Any CPU.ActiveCfg = Release|Any CPU
		{962BDD3D-238F-49BD-98F8-C734487DEBB7}.Release|Any CPU.Build.0 = Release|Any CPU
	EndGlobalSection
	GlobalSection(SolutionProperties) = preSolution
		HideSolutionNode = FALSE
	EndGlobalSection
	GlobalSection(ExtensibilityGlobals) = postSolution
		SolutionGuid = {0CB05575-038D-403F-AE93-587B0403F23E}
	EndGlobalSection
EndGlobal
